// !$*UTF8*$!
{
	archiveVersion = 1;
	classes = {
	};
	objectVersion = 55;
	objects = {

/* Begin PBXBuildFile section */
		22D0E0C22855D4F100B1DAB4 /* ViewController.swift in Sources */ = {isa = PBXBuildFile; fileRef = 8DC99032275BBF6E006526A6 /* ViewController.swift */; };
		22D0E0C32855D4F300B1DAB4 /* ViewController.swift in Sources */ = {isa = PBXBuildFile; fileRef = 8DC99032275BBF6E006526A6 /* ViewController.swift */; };
		8DC9902F275BBF6E006526A6 /* AppDelegate.swift in Sources */ = {isa = PBXBuildFile; fileRef = 8DC9902E275BBF6E006526A6 /* AppDelegate.swift */; };
		8DC99031275BBF6E006526A6 /* SceneDelegate.swift in Sources */ = {isa = PBXBuildFile; fileRef = 8DC99030275BBF6E006526A6 /* SceneDelegate.swift */; };
		8DC99033275BBF6E006526A6 /* ViewController.swift in Sources */ = {isa = PBXBuildFile; fileRef = 8DC99032275BBF6E006526A6 /* ViewController.swift */; };
		8DC99036275BBF6E006526A6 /* Main.storyboard in Resources */ = {isa = PBXBuildFile; fileRef = 8DC99034275BBF6E006526A6 /* Main.storyboard */; };
		8DC99038275BBF70006526A6 /* Assets.xcassets in Resources */ = {isa = PBXBuildFile; fileRef = 8DC99037275BBF70006526A6 /* Assets.xcassets */; };
		8DC9903B275BBF70006526A6 /* LaunchScreen.storyboard in Resources */ = {isa = PBXBuildFile; fileRef = 8DC99039275BBF70006526A6 /* LaunchScreen.storyboard */; };
		8DC99046275BBF71006526A6 /* binar_unit_testing_tddTests.swift in Sources */ = {isa = PBXBuildFile; fileRef = 8DC99045275BBF71006526A6 /* binar_unit_testing_tddTests.swift */; };
		8DC99050275BBF71006526A6 /* binar_unit_testing_tddUITests.swift in Sources */ = {isa = PBXBuildFile; fileRef = 8DC9904F275BBF71006526A6 /* binar_unit_testing_tddUITests.swift */; };
		8DC99052275BBF71006526A6 /* binar_unit_testing_tddUITestsLaunchTests.swift in Sources */ = {isa = PBXBuildFile; fileRef = 8DC99051275BBF71006526A6 /* binar_unit_testing_tddUITestsLaunchTests.swift */; };
/* End PBXBuildFile section */

/* Begin PBXContainerItemProxy section */
		8DC99042275BBF71006526A6 /* PBXContainerItemProxy */ = {
			isa = PBXContainerItemProxy;
			containerPortal = 8DC99023275BBF6D006526A6 /* Project object */;
			proxyType = 1;
			remoteGlobalIDString = 8DC9902A275BBF6E006526A6;
			remoteInfo = "binar-unit-testing-tdd";
		};
		8DC9904C275BBF71006526A6 /* PBXContainerItemProxy */ = {
			isa = PBXContainerItemProxy;
			containerPortal = 8DC99023275BBF6D006526A6 /* Project object */;
			proxyType = 1;
			remoteGlobalIDString = 8DC9902A275BBF6E006526A6;
			remoteInfo = "binar-unit-testing-tdd";
		};
/* End PBXContainerItemProxy section */

/* Begin PBXFileReference section */
		8DC9902B275BBF6E006526A6 /* binar-unit-testing-tdd.app */ = {isa = PBXFileReference; explicitFileType = wrapper.application; includeInIndex = 0; path = "binar-unit-testing-tdd.app"; sourceTree = BUILT_PRODUCTS_DIR; };
		8DC9902E275BBF6E006526A6 /* AppDelegate.swift */ = {isa = PBXFileReference; lastKnownFileType = sourcecode.swift; path = AppDelegate.swift; sourceTree = "<group>"; };
		8DC99030275BBF6E006526A6 /* SceneDelegate.swift */ = {isa = PBXFileReference; lastKnownFileType = sourcecode.swift; path = SceneDelegate.swift; sourceTree = "<group>"; };
		8DC99032275BBF6E006526A6 /* ViewController.swift */ = {isa = PBXFileReference; lastKnownFileType = sourcecode.swift; path = ViewController.swift; sourceTree = "<group>"; };
		8DC99035275BBF6E006526A6 /* Base */ = {isa = PBXFileReference; lastKnownFileType = file.storyboard; name = Base; path = Base.lproj/Main.storyboard; sourceTree = "<group>"; };
		8DC99037275BBF70006526A6 /* Assets.xcassets */ = {isa = PBXFileReference; lastKnownFileType = folder.assetcatalog; path = Assets.xcassets; sourceTree = "<group>"; };
		8DC9903A275BBF70006526A6 /* Base */ = {isa = PBXFileReference; lastKnownFileType = file.storyboard; name = Base; path = Base.lproj/LaunchScreen.storyboard; sourceTree = "<group>"; };
		8DC9903C275BBF70006526A6 /* Info.plist */ = {isa = PBXFileReference; lastKnownFileType = text.plist.xml; path = Info.plist; sourceTree = "<group>"; };
		8DC99041275BBF71006526A6 /* binar-unit-testing-tddTests.xctest */ = {isa = PBXFileReference; explicitFileType = wrapper.cfbundle; includeInIndex = 0; path = "binar-unit-testing-tddTests.xctest"; sourceTree = BUILT_PRODUCTS_DIR; };
		8DC99045275BBF71006526A6 /* binar_unit_testing_tddTests.swift */ = {isa = PBXFileReference; lastKnownFileType = sourcecode.swift; path = binar_unit_testing_tddTests.swift; sourceTree = "<group>"; };
		8DC9904B275BBF71006526A6 /* binar-unit-testing-tddUITests.xctest */ = {isa = PBXFileReference; explicitFileType = wrapper.cfbundle; includeInIndex = 0; path = "binar-unit-testing-tddUITests.xctest"; sourceTree = BUILT_PRODUCTS_DIR; };
		8DC9904F275BBF71006526A6 /* binar_unit_testing_tddUITests.swift */ = {isa = PBXFileReference; lastKnownFileType = sourcecode.swift; path = binar_unit_testing_tddUITests.swift; sourceTree = "<group>"; };
		8DC99051275BBF71006526A6 /* binar_unit_testing_tddUITestsLaunchTests.swift */ = {isa = PBXFileReference; lastKnownFileType = sourcecode.swift; path = binar_unit_testing_tddUITestsLaunchTests.swift; sourceTree = "<group>"; };
/* End PBXFileReference section */

/* Begin PBXFrameworksBuildPhase section */
		8DC99028275BBF6E006526A6 /* Frameworks */ = {
			isa = PBXFrameworksBuildPhase;
			buildActionMask = 2147483647;
			files = (
			);
			runOnlyForDeploymentPostprocessing = 0;
		};
		8DC9903E275BBF71006526A6 /* Frameworks */ = {
			isa = PBXFrameworksBuildPhase;
			buildActionMask = 2147483647;
			files = (
			);
			runOnlyForDeploymentPostprocessing = 0;
		};
		8DC99048275BBF71006526A6 /* Frameworks */ = {
			isa = PBXFrameworksBuildPhase;
			buildActionMask = 2147483647;
			files = (
			);
			runOnlyForDeploymentPostprocessing = 0;
		};
/* End PBXFrameworksBuildPhase section */

/* Begin PBXGroup section */
		8DC99022275BBF6D006526A6 = {
			isa = PBXGroup;
			children = (
				8DC9902D275BBF6E006526A6 /* binar-unit-testing-tdd */,
				8DC99044275BBF71006526A6 /* binar-unit-testing-tddTests */,
				8DC9904E275BBF71006526A6 /* binar-unit-testing-tddUITests */,
				8DC9902C275BBF6E006526A6 /* Products */,
			);
			sourceTree = "<group>";
		};
		8DC9902C275BBF6E006526A6 /* Products */ = {
			isa = PBXGroup;
			children = (
				8DC9902B275BBF6E006526A6 /* binar-unit-testing-tdd.app */,
				8DC99041275BBF71006526A6 /* binar-unit-testing-tddTests.xctest */,
				8DC9904B275BBF71006526A6 /* binar-unit-testing-tddUITests.xctest */,
			);
			name = Products;
			sourceTree = "<group>";
		};
		8DC9902D275BBF6E006526A6 /* binar-unit-testing-tdd */ = {
			isa = PBXGroup;
			children = (
				8DC9902E275BBF6E006526A6 /* AppDelegate.swift */,
				8DC99030275BBF6E006526A6 /* SceneDelegate.swift */,
				8DC99032275BBF6E006526A6 /* ViewController.swift */,
				8DC99034275BBF6E006526A6 /* Main.storyboard */,
				8DC99037275BBF70006526A6 /* Assets.xcassets */,
				8DC99039275BBF70006526A6 /* LaunchScreen.storyboard */,
				8DC9903C275BBF70006526A6 /* Info.plist */,
			);
			path = "binar-unit-testing-tdd";
			sourceTree = "<group>";
		};
		8DC99044275BBF71006526A6 /* binar-unit-testing-tddTests */ = {
			isa = PBXGroup;
			children = (
				8DC99045275BBF71006526A6 /* binar_unit_testing_tddTests.swift */,
			);
			path = "binar-unit-testing-tddTests";
			sourceTree = "<group>";
		};
		8DC9904E275BBF71006526A6 /* binar-unit-testing-tddUITests */ = {
			isa = PBXGroup;
			children = (
				8DC9904F275BBF71006526A6 /* binar_unit_testing_tddUITests.swift */,
				8DC99051275BBF71006526A6 /* binar_unit_testing_tddUITestsLaunchTests.swift */,
			);
			path = "binar-unit-testing-tddUITests";
			sourceTree = "<group>";
		};
/* End PBXGroup section */

/* Begin PBXNativeTarget section */
		8DC9902A275BBF6E006526A6 /* binar-unit-testing-tdd */ = {
			isa = PBXNativeTarget;
			buildConfigurationList = 8DC99055275BBF71006526A6 /* Build configuration list for PBXNativeTarget "binar-unit-testing-tdd" */;
			buildPhases = (
				8DC99027275BBF6E006526A6 /* Sources */,
				8DC99028275BBF6E006526A6 /* Frameworks */,
				8DC99029275BBF6E006526A6 /* Resources */,
			);
			buildRules = (
			);
			dependencies = (
			);
			name = "binar-unit-testing-tdd";
			productName = "binar-unit-testing-tdd";
			productReference = 8DC9902B275BBF6E006526A6 /* binar-unit-testing-tdd.app */;
			productType = "com.apple.product-type.application";
		};
		8DC99040275BBF71006526A6 /* binar-unit-testing-tddTests */ = {
			isa = PBXNativeTarget;
			buildConfigurationList = 8DC99058275BBF71006526A6 /* Build configuration list for PBXNativeTarget "binar-unit-testing-tddTests" */;
			buildPhases = (
				8DC9903D275BBF71006526A6 /* Sources */,
				8DC9903E275BBF71006526A6 /* Frameworks */,
				8DC9903F275BBF71006526A6 /* Resources */,
			);
			buildRules = (
			);
			dependencies = (
				8DC99043275BBF71006526A6 /* PBXTargetDependency */,
			);
			name = "binar-unit-testing-tddTests";
			productName = "binar-unit-testing-tddTests";
			productReference = 8DC99041275BBF71006526A6 /* binar-unit-testing-tddTests.xctest */;
			productType = "com.apple.product-type.bundle.unit-test";
		};
		8DC9904A275BBF71006526A6 /* binar-unit-testing-tddUITests */ = {
			isa = PBXNativeTarget;
			buildConfigurationList = 8DC9905B275BBF71006526A6 /* Build configuration list for PBXNativeTarget "binar-unit-testing-tddUITests" */;
			buildPhases = (
				8DC99047275BBF71006526A6 /* Sources */,
				8DC99048275BBF71006526A6 /* Frameworks */,
				8DC99049275BBF71006526A6 /* Resources */,
			);
			buildRules = (
			);
			dependencies = (
				8DC9904D275BBF71006526A6 /* PBXTargetDependency */,
			);
			name = "binar-unit-testing-tddUITests";
			productName = "binar-unit-testing-tddUITests";
			productReference = 8DC9904B275BBF71006526A6 /* binar-unit-testing-tddUITests.xctest */;
			productType = "com.apple.product-type.bundle.ui-testing";
		};
/* End PBXNativeTarget section */

/* Begin PBXProject section */
		8DC99023275BBF6D006526A6 /* Project object */ = {
			isa = PBXProject;
			attributes = {
				BuildIndependentTargetsInParallel = 1;
				LastSwiftUpdateCheck = 1310;
				LastUpgradeCheck = 1310;
				TargetAttributes = {
					8DC9902A275BBF6E006526A6 = {
						CreatedOnToolsVersion = 13.1;
					};
					8DC99040275BBF71006526A6 = {
						CreatedOnToolsVersion = 13.1;
						TestTargetID = 8DC9902A275BBF6E006526A6;
					};
					8DC9904A275BBF71006526A6 = {
						CreatedOnToolsVersion = 13.1;
						TestTargetID = 8DC9902A275BBF6E006526A6;
					};
				};
			};
			buildConfigurationList = 8DC99026275BBF6D006526A6 /* Build configuration list for PBXProject "binar-unit-testing-tdd" */;
			compatibilityVersion = "Xcode 13.0";
			developmentRegion = en;
			hasScannedForEncodings = 0;
			knownRegions = (
				en,
				Base,
			);
			mainGroup = 8DC99022275BBF6D006526A6;
			productRefGroup = 8DC9902C275BBF6E006526A6 /* Products */;
			projectDirPath = "";
			projectRoot = "";
			targets = (
				8DC9902A275BBF6E006526A6 /* binar-unit-testing-tdd */,
				8DC99040275BBF71006526A6 /* binar-unit-testing-tddTests */,
				8DC9904A275BBF71006526A6 /* binar-unit-testing-tddUITests */,
			);
		};
/* End PBXProject section */

/* Begin PBXResourcesBuildPhase section */
		8DC99029275BBF6E006526A6 /* Resources */ = {
			isa = PBXResourcesBuildPhase;
			buildActionMask = 2147483647;
			files = (
				8DC9903B275BBF70006526A6 /* LaunchScreen.storyboard in Resources */,
				8DC99038275BBF70006526A6 /* Assets.xcassets in Resources */,
				8DC99036275BBF6E006526A6 /* Main.storyboard in Resources */,
			);
			runOnlyForDeploymentPostprocessing = 0;
		};
		8DC9903F275BBF71006526A6 /* Resources */ = {
			isa = PBXResourcesBuildPhase;
			buildActionMask = 2147483647;
			files = (
			);
			runOnlyForDeploymentPostprocessing = 0;
		};
		8DC99049275BBF71006526A6 /* Resources */ = {
			isa = PBXResourcesBuildPhase;
			buildActionMask = 2147483647;
			files = (
			);
			runOnlyForDeploymentPostprocessing = 0;
		};
/* End PBXResourcesBuildPhase section */

/* Begin PBXSourcesBuildPhase section */
		8DC99027275BBF6E006526A6 /* Sources */ = {
			isa = PBXSourcesBuildPhase;
			buildActionMask = 2147483647;
			files = (
				8DC99033275BBF6E006526A6 /* ViewController.swift in Sources */,
				8DC9902F275BBF6E006526A6 /* AppDelegate.swift in Sources */,
				8DC99031275BBF6E006526A6 /* SceneDelegate.swift in Sources */,
			);
			runOnlyForDeploymentPostprocessing = 0;
		};
		8DC9903D275BBF71006526A6 /* Sources */ = {
			isa = PBXSourcesBuildPhase;
			buildActionMask = 2147483647;
			files = (
				22D0E0C22855D4F100B1DAB4 /* ViewController.swift in Sources */,
				8DC99046275BBF71006526A6 /* binar_unit_testing_tddTests.swift in Sources */,
			);
			runOnlyForDeploymentPostprocessing = 0;
		};
		8DC99047275BBF71006526A6 /* Sources */ = {
			isa = PBXSourcesBuildPhase;
			buildActionMask = 2147483647;
			files = (
				22D0E0C32855D4F300B1DAB4 /* ViewController.swift in Sources */,
				8DC99050275BBF71006526A6 /* binar_unit_testing_tddUITests.swift in Sources */,
				8DC99052275BBF71006526A6 /* binar_unit_testing_tddUITestsLaunchTests.swift in Sources */,
			);
			runOnlyForDeploymentPostprocessing = 0;
		};
/* End PBXSourcesBuildPhase section */

/* Begin PBXTargetDependency section */
		8DC99043275BBF71006526A6 /* PBXTargetDependency */ = {
			isa = PBXTargetDependency;
			target = 8DC9902A275BBF6E006526A6 /* binar-unit-testing-tdd */;
			targetProxy = 8DC99042275BBF71006526A6 /* PBXContainerItemProxy */;
		};
		8DC9904D275BBF71006526A6 /* PBXTargetDependency */ = {
			isa = PBXTargetDependency;
			target = 8DC9902A275BBF6E006526A6 /* binar-unit-testing-tdd */;
			targetProxy = 8DC9904C275BBF71006526A6 /* PBXContainerItemProxy */;
		};
/* End PBXTargetDependency section */

/* Begin PBXVariantGroup section */
		8DC99034275BBF6E006526A6 /* Main.storyboard */ = {
			isa = PBXVariantGroup;
			children = (
				8DC99035275BBF6E006526A6 /* Base */,
			);
			name = Main.storyboard;
			sourceTree = "<group>";
		};
		8DC99039275BBF70006526A6 /* LaunchScreen.storyboard */ = {
			isa = PBXVariantGroup;
			children = (
				8DC9903A275BBF70006526A6 /* Base */,
			);
			name = LaunchScreen.storyboard;
			sourceTree = "<group>";
		};
/* End PBXVariantGroup section */

/* Begin XCBuildConfiguration section */
		8DC99053275BBF71006526A6 /* Debug */ = {
			isa = XCBuildConfiguration;
			buildSettings = {
				ALWAYS_SEARCH_USER_PATHS = NO;
				CLANG_ANALYZER_NONNULL = YES;
				CLANG_ANALYZER_NUMBER_OBJECT_CONVERSION = YES_AGGRESSIVE;
				CLANG_CXX_LANGUAGE_STANDARD = "gnu++17";
				CLANG_CXX_LIBRARY = "libc++";
				CLANG_ENABLE_MODULES = YES;
				CLANG_ENABLE_OBJC_ARC = YES;
				CLANG_ENABLE_OBJC_WEAK = YES;
				CLANG_WARN_BLOCK_CAPTURE_AUTORELEASING = YES;
				CLANG_WARN_BOOL_CONVERSION = YES;
				CLANG_WARN_COMMA = YES;
				CLANG_WARN_CONSTANT_CONVERSION = YES;
				CLANG_WARN_DEPRECATED_OBJC_IMPLEMENTATIONS = YES;
				CLANG_WARN_DIRECT_OBJC_ISA_USAGE = YES_ERROR;
				CLANG_WARN_DOCUMENTATION_COMMENTS = YES;
				CLANG_WARN_EMPTY_BODY = YES;
				CLANG_WARN_ENUM_CONVERSION = YES;
				CLANG_WARN_INFINITE_RECURSION = YES;
				CLANG_WARN_INT_CONVERSION = YES;
				CLANG_WARN_NON_LITERAL_NULL_CONVERSION = YES;
				CLANG_WARN_OBJC_IMPLICIT_RETAIN_SELF = YES;
				CLANG_WARN_OBJC_LITERAL_CONVERSION = YES;
				CLANG_WARN_OBJC_ROOT_CLASS = YES_ERROR;
				CLANG_WARN_QUOTED_INCLUDE_IN_FRAMEWORK_HEADER = YES;
				CLANG_WARN_RANGE_LOOP_ANALYSIS = YES;
				CLANG_WARN_STRICT_PROTOTYPES = YES;
				CLANG_WARN_SUSPICIOUS_MOVE = YES;
				CLANG_WARN_UNGUARDED_AVAILABILITY = YES_AGGRESSIVE;
				CLANG_WARN_UNREACHABLE_CODE = YES;
				CLANG_WARN__DUPLICATE_METHOD_MATCH = YES;
				COPY_PHASE_STRIP = NO;
				DEBUG_INFORMATION_FORMAT = dwarf;
				ENABLE_STRICT_OBJC_MSGSEND = YES;
				ENABLE_TESTABILITY = YES;
				GCC_C_LANGUAGE_STANDARD = gnu11;
				GCC_DYNAMIC_NO_PIC = NO;
				GCC_NO_COMMON_BLOCKS = YES;
				GCC_OPTIMIZATION_LEVEL = 0;
				GCC_PREPROCESSOR_DEFINITIONS = (
					"DEBUG=1",
					"$(inherited)",
				);
				GCC_WARN_64_TO_32_BIT_CONVERSION = YES;
				GCC_WARN_ABOUT_RETURN_TYPE = YES_ERROR;
				GCC_WARN_UNDECLARED_SELECTOR = YES;
				GCC_WARN_UNINITIALIZED_AUTOS = YES_AGGRESSIVE;
				GCC_WARN_UNUSED_FUNCTION = YES;
				GCC_WARN_UNUSED_VARIABLE = YES;
				IPHONEOS_DEPLOYMENT_TARGET = 15.0;
				MTL_ENABLE_DEBUG_INFO = INCLUDE_SOURCE;
				MTL_FAST_MATH = YES;
				ONLY_ACTIVE_ARCH = YES;
				SDKROOT = iphoneos;
				SWIFT_ACTIVE_COMPILATION_CONDITIONS = DEBUG;
				SWIFT_OPTIMIZATION_LEVEL = "-Onone";
			};
			name = Debug;
		};
		8DC99054275BBF71006526A6 /* Release */ = {
			isa = XCBuildConfiguration;
			buildSettings = {
				ALWAYS_SEARCH_USER_PATHS = NO;
				CLANG_ANALYZER_NONNULL = YES;
				CLANG_ANALYZER_NUMBER_OBJECT_CONVERSION = YES_AGGRESSIVE;
				CLANG_CXX_LANGUAGE_STANDARD = "gnu++17";
				CLANG_CXX_LIBRARY = "libc++";
				CLANG_ENABLE_MODULES = YES;
				CLANG_ENABLE_OBJC_ARC = YES;
				CLANG_ENABLE_OBJC_WEAK = YES;
				CLANG_WARN_BLOCK_CAPTURE_AUTORELEASING = YES;
				CLANG_WARN_BOOL_CONVERSION = YES;
				CLANG_WARN_COMMA = YES;
				CLANG_WARN_CONSTANT_CONVERSION = YES;
				CLANG_WARN_DEPRECATED_OBJC_IMPLEMENTATIONS = YES;
				CLANG_WARN_DIRECT_OBJC_ISA_USAGE = YES_ERROR;
				CLANG_WARN_DOCUMENTATION_COMMENTS = YES;
				CLANG_WARN_EMPTY_BODY = YES;
				CLANG_WARN_ENUM_CONVERSION = YES;
				CLANG_WARN_INFINITE_RECURSION = YES;
				CLANG_WARN_INT_CONVERSION = YES;
				CLANG_WARN_NON_LITERAL_NULL_CONVERSION = YES;
				CLANG_WARN_OBJC_IMPLICIT_RETAIN_SELF = YES;
				CLANG_WARN_OBJC_LITERAL_CONVERSION = YES;
				CLANG_WARN_OBJC_ROOT_CLASS = YES_ERROR;
				CLANG_WARN_QUOTED_INCLUDE_IN_FRAMEWORK_HEADER = YES;
				CLANG_WARN_RANGE_LOOP_ANALYSIS = YES;
				CLANG_WARN_STRICT_PROTOTYPES = YES;
				CLANG_WARN_SUSPICIOUS_MOVE = YES;
				CLANG_WARN_UNGUARDED_AVAILABILITY = YES_AGGRESSIVE;
				CLANG_WARN_UNREACHABLE_CODE = YES;
				CLANG_WARN__DUPLICATE_METHOD_MATCH = YES;
				COPY_PHASE_STRIP = NO;
				DEBUG_INFORMATION_FORMAT = "dwarf-with-dsym";
				ENABLE_NS_ASSERTIONS = NO;
				ENABLE_STRICT_OBJC_MSGSEND = YES;
				GCC_C_LANGUAGE_STANDARD = gnu11;
				GCC_NO_COMMON_BLOCKS = YES;
				GCC_WARN_64_TO_32_BIT_CONVERSION = YES;
				GCC_WARN_ABOUT_RETURN_TYPE = YES_ERROR;
				GCC_WARN_UNDECLARED_SELECTOR = YES;
				GCC_WARN_UNINITIALIZED_AUTOS = YES_AGGRESSIVE;
				GCC_WARN_UNUSED_FUNCTION = YES;
				GCC_WARN_UNUSED_VARIABLE = YES;
				IPHONEOS_DEPLOYMENT_TARGET = 15.0;
				MTL_ENABLE_DEBUG_INFO = NO;
				MTL_FAST_MATH = YES;
				SDKROOT = iphoneos;
				SWIFT_COMPILATION_MODE = wholemodule;
				SWIFT_OPTIMIZATION_LEVEL = "-O";
				VALIDATE_PRODUCT = YES;
			};
			name = Release;
		};
		8DC99056275BBF71006526A6 /* Debug */ = {
			isa = XCBuildConfiguration;
			buildSettings = {
				ASSETCATALOG_COMPILER_APPICON_NAME = AppIcon;
				ASSETCATALOG_COMPILER_GLOBAL_ACCENT_COLOR_NAME = AccentColor;
				CODE_SIGN_STYLE = Automatic;
				CURRENT_PROJECT_VERSION = 1;
				GENERATE_INFOPLIST_FILE = YES;
				INFOPLIST_FILE = "binar-unit-testing-tdd/Info.plist";
				INFOPLIST_KEY_UIApplicationSupportsIndirectInputEvents = YES;
				INFOPLIST_KEY_UILaunchStoryboardName = LaunchScreen;
				INFOPLIST_KEY_UIMainStoryboardFile = Main;
				INFOPLIST_KEY_UISupportedInterfaceOrientations_iPad = "UIInterfaceOrientationPortrait UIInterfaceOrientationPortraitUpsideDown UIInterfaceOrientationLandscapeLeft UIInterfaceOrientationLandscapeRight";
				INFOPLIST_KEY_UISupportedInterfaceOrientations_iPhone = "UIInterfaceOrientationPortrait UIInterfaceOrientationLandscapeLeft UIInterfaceOrientationLandscapeRight";
				LD_RUNPATH_SEARCH_PATHS = (
					"$(inherited)",
					"@executable_path/Frameworks",
				);
				MARKETING_VERSION = 1.0;
				PRODUCT_BUNDLE_IDENTIFIER = "id.co.binar.binar-unit-testing-tdd";
				PRODUCT_NAME = "$(TARGET_NAME)";
				SWIFT_EMIT_LOC_STRINGS = YES;
				SWIFT_VERSION = 5.0;
				TARGETED_DEVICE_FAMILY = "1,2";
			};
			name = Debug;
		};
		8DC99057275BBF71006526A6 /* Release */ = {
			isa = XCBuildConfiguration;
			buildSettings = {
				ASSETCATALOG_COMPILER_APPICON_NAME = AppIcon;
				ASSETCATALOG_COMPILER_GLOBAL_ACCENT_COLOR_NAME = AccentColor;
				CODE_SIGN_STYLE = Automatic;
				CURRENT_PROJECT_VERSION = 1;
				GENERATE_INFOPLIST_FILE = YES;
				INFOPLIST_FILE = "binar-unit-testing-tdd/Info.plist";
				INFOPLIST_KEY_UIApplicationSupportsIndirectInputEvents = YES;
				INFOPLIST_KEY_UILaunchStoryboardName = LaunchScreen;
				INFOPLIST_KEY_UIMainStoryboardFile = Main;
				INFOPLIST_KEY_UISupportedInterfaceOrientations_iPad = "UIInterfaceOrientationPortrait UIInterfaceOrientationPortraitUpsideDown UIInterfaceOrientationLandscapeLeft UIInterfaceOrientationLandscapeRight";
				INFOPLIST_KEY_UISupportedInterfaceOrientations_iPhone = "UIInterfaceOrientationPortrait UIInterfaceOrientationLandscapeLeft UIInterfaceOrientationLandscapeRight";
				LD_RUNPATH_SEARCH_PATHS = (
					"$(inherited)",
					"@executable_path/Frameworks",
				);
				MARKETING_VERSION = 1.0;
				PRODUCT_BUNDLE_IDENTIFIER = "id.co.binar.binar-unit-testing-tdd";
				PRODUCT_NAME = "$(TARGET_NAME)";
				SWIFT_EMIT_LOC_STRINGS = YES;
				SWIFT_VERSION = 5.0;
				TARGETED_DEVICE_FAMILY = "1,2";
			};
			name = Release;
		};
		8DC99059275BBF71006526A6 /* Debug */ = {
			isa = XCBuildConfiguration;
			buildSettings = {
				ALWAYS_EMBED_SWIFT_STANDARD_LIBRARIES = YES;
				BUNDLE_LOADER = "$(TEST_HOST)";
				CODE_SIGN_STYLE = Automatic;
				CURRENT_PROJECT_VERSION = 1;
				GENERATE_INFOPLIST_FILE = YES;
				IPHONEOS_DEPLOYMENT_TARGET = 15.0;
				LD_RUNPATH_SEARCH_PATHS = (
					"$(inherited)",
					"@executable_path/Frameworks",
					"@loader_path/Frameworks",
				);
				MARKETING_VERSION = 1.0;
				PRODUCT_BUNDLE_IDENTIFIER = "id.co.binar.binar-unit-testing-tddTests";
				PRODUCT_NAME = "$(TARGET_NAME)";
				SWIFT_EMIT_LOC_STRINGS = NO;
				SWIFT_VERSION = 5.0;
				TARGETED_DEVICE_FAMILY = "1,2";
				TEST_HOST = "$(BUILT_PRODUCTS_DIR)/binar-unit-testing-tdd.app/binar-unit-testing-tdd";
			};
			name = Debug;
		};
		8DC9905A275BBF71006526A6 /* Release */ = {
			isa = XCBuildConfiguration;
			buildSettings = {
				ALWAYS_EMBED_SWIFT_STANDARD_LIBRARIES = YES;
				BUNDLE_LOADER = "$(TEST_HOST)";
				CODE_SIGN_STYLE = Automatic;
				CURRENT_PROJECT_VERSION = 1;
				GENERATE_INFOPLIST_FILE = YES;
				IPHONEOS_DEPLOYMENT_TARGET = 15.0;
				LD_RUNPATH_SEARCH_PATHS = (
					"$(inherited)",
					"@executable_path/Frameworks",
					"@loader_path/Frameworks",
				);
				MARKETING_VERSION = 1.0;
				PRODUCT_BUNDLE_IDENTIFIER = "id.co.binar.binar-unit-testing-tddTests";
				PRODUCT_NAME = "$(TARGET_NAME)";
				SWIFT_EMIT_LOC_STRINGS = NO;
				SWIFT_VERSION = 5.0;
				TARGETED_DEVICE_FAMILY = "1,2";
				TEST_HOST = "$(BUILT_PRODUCTS_DIR)/binar-unit-testing-tdd.app/binar-unit-testing-tdd";
			};
			name = Release;
		};
		8DC9905C275BBF71006526A6 /* Debug */ = {
			isa = XCBuildConfiguration;
			buildSettings = {
				ALWAYS_EMBED_SWIFT_STANDARD_LIBRARIES = YES;
				CODE_SIGN_STYLE = Automatic;
				CURRENT_PROJECT_VERSION = 1;
				GENERATE_INFOPLIST_FILE = YES;
				LD_RUNPATH_SEARCH_PATHS = (
					"$(inherited)",
					"@executable_path/Frameworks",
					"@loader_path/Frameworks",
				);
				MARKETING_VERSION = 1.0;
				PRODUCT_BUNDLE_IDENTIFIER = "id.co.binar.binar-unit-testing-tddUITests";
				PRODUCT_NAME = "$(TARGET_NAME)";
				SWIFT_EMIT_LOC_STRINGS = NO;
				SWIFT_VERSION = 5.0;
				TARGETED_DEVICE_FAMILY = "1,2";
				TEST_TARGET_NAME = "binar-unit-testing-tdd";
			};
			name = Debug;
		};
		8DC9905D275BBF71006526A6 /* Release */ = {
			isa = XCBuildConfiguration;
			buildSettings = {
				ALWAYS_EMBED_SWIFT_STANDARD_LIBRARIES = YES;
				CODE_SIGN_STYLE = Automatic;
				CURRENT_PROJECT_VERSION = 1;
				GENERATE_INFOPLIST_FILE = YES;
				LD_RUNPATH_SEARCH_PATHS = (
					"$(inherited)",
					"@executable_path/Frameworks",
					"@loader_path/Frameworks",
				);
				MARKETING_VERSION = 1.0;
				PRODUCT_BUNDLE_IDENTIFIER = "id.co.binar.binar-unit-testing-tddUITests";
				PRODUCT_NAME = "$(TARGET_NAME)";
				SWIFT_EMIT_LOC_STRINGS = NO;
				SWIFT_VERSION = 5.0;
				TARGETED_DEVICE_FAMILY = "1,2";
				TEST_TARGET_NAME = "binar-unit-testing-tdd";
			};
			name = Release;
		};
/* End XCBuildConfiguration section */

/* Begin XCConfigurationList section */
		8DC99026275BBF6D006526A6 /* Build configuration list for PBXProject "binar-unit-testing-tdd" */ = {
			isa = XCConfigurationList;
			buildConfigurations = (
				8DC99053275BBF71006526A6 /* Debug */,
				8DC99054275BBF71006526A6 /* Release */,
			);
			defaultConfigurationIsVisible = 0;
			defaultConfigurationName = Release;
		};
		8DC99055275BBF71006526A6 /* Build configuration list for PBXNativeTarget "binar-unit-testing-tdd" */ = {
			isa = XCConfigurationList;
			buildConfigurations = (
				8DC99056275BBF71006526A6 /* Debug */,
				8DC99057275BBF71006526A6 /* Release */,
			);
			defaultConfigurationIsVisible = 0;
			defaultConfigurationName = Release;
		};
		8DC99058275BBF71006526A6 /* Build configuration list for PBXNativeTarget "binar-unit-testing-tddTests" */ = {
			isa = XCConfigurationList;
			buildConfigurations = (
				8DC99059275BBF71006526A6 /* Debug */,
				8DC9905A275BBF71006526A6 /* Release */,
			);
			defaultConfigurationIsVisible = 0;
			defaultConfigurationName = Release;
		};
		8DC9905B275BBF71006526A6 /* Build configuration list for PBXNativeTarget "binar-unit-testing-tddUITests" */ = {
			isa = XCConfigurationList;
			buildConfigurations = (
				8DC9905C275BBF71006526A6 /* Debug */,
				8DC9905D275BBF71006526A6 /* Release */,
			);
			defaultConfigurationIsVisible = 0;
			defaultConfigurationName = Release;
		};
/* End XCConfigurationList section */
	};
	rootObject = 8DC99023275BBF6D006526A6 /* Project object */;
}
